// !$*UTF8*$!
{
	archiveVersion = 1;
	classes = {
	};
	objectVersion = 46;
	objects = {

/* Begin PBXBuildFile section */
		FB2FF7DD18F11F9800DFA3C1 /* ResetPassWordViewController.m in Sources */ = {isa = PBXBuildFile; fileRef = FB2FF7DB18F11F9800DFA3C1 /* ResetPassWordViewController.m */; };
		FB2FF7DE18F11F9800DFA3C1 /* ResetPassWordViewController.xib in Resources */ = {isa = PBXBuildFile; fileRef = FB2FF7DC18F11F9800DFA3C1 /* ResetPassWordViewController.xib */; };
		FB2FF7E218F18F1300DFA3C1 /* AccountViewController.m in Sources */ = {isa = PBXBuildFile; fileRef = FB2FF7E018F18F1300DFA3C1 /* AccountViewController.m */; };
		FB2FF7E318F18F1300DFA3C1 /* AccountViewController.xib in Resources */ = {isa = PBXBuildFile; fileRef = FB2FF7E118F18F1300DFA3C1 /* AccountViewController.xib */; };
		FB2FF7E718F1918000DFA3C1 /* AccountTableViewCell.m in Sources */ = {isa = PBXBuildFile; fileRef = FB2FF7E518F1918000DFA3C1 /* AccountTableViewCell.m */; };
		FB2FF7E818F1918000DFA3C1 /* AccountTableViewCell.xib in Resources */ = {isa = PBXBuildFile; fileRef = FB2FF7E618F1918000DFA3C1 /* AccountTableViewCell.xib */; };
		FB2FF7EC18F1A8D200DFA3C1 /* HelpViewController.m in Sources */ = {isa = PBXBuildFile; fileRef = FB2FF7EA18F1A8D200DFA3C1 /* HelpViewController.m */; };
		FB2FF7ED18F1A8D200DFA3C1 /* HelpViewController.xib in Resources */ = {isa = PBXBuildFile; fileRef = FB2FF7EB18F1A8D200DFA3C1 /* HelpViewController.xib */; };
		FB2FF7F118F1AB4A00DFA3C1 /* FeedbackViewController.m in Sources */ = {isa = PBXBuildFile; fileRef = FB2FF7EF18F1AB4A00DFA3C1 /* FeedbackViewController.m */; };
		FB2FF7F218F1AB4A00DFA3C1 /* FeedbackViewController.xib in Resources */ = {isa = PBXBuildFile; fileRef = FB2FF7F018F1AB4A00DFA3C1 /* FeedbackViewController.xib */; };
		FB2FF7F618F1ABA000DFA3C1 /* AboutViewController.m in Sources */ = {isa = PBXBuildFile; fileRef = FB2FF7F418F1ABA000DFA3C1 /* AboutViewController.m */; };
		FB2FF7F718F1ABA000DFA3C1 /* AboutViewController.xib in Resources */ = {isa = PBXBuildFile; fileRef = FB2FF7F518F1ABA000DFA3C1 /* AboutViewController.xib */; };
		FB3995D418F008BC001EFA9D /* Clock.m in Sources */ = {isa = PBXBuildFile; fileRef = FB3995D318F008BC001EFA9D /* Clock.m */; };
		FB3995D818F02D5B001EFA9D /* SetIspaceViewController.m in Sources */ = {isa = PBXBuildFile; fileRef = FB3995D618F02D5B001EFA9D /* SetIspaceViewController.m */; };
		FB3995D918F02D5B001EFA9D /* SetIspaceViewController.xib in Resources */ = {isa = PBXBuildFile; fileRef = FB3995D718F02D5B001EFA9D /* SetIspaceViewController.xib */; };
		FB3995DD18F04141001EFA9D /* LookPassWordViewController.m in Sources */ = {isa = PBXBuildFile; fileRef = FB3995DB18F04141001EFA9D /* LookPassWordViewController.m */; };
		FB3995DE18F04141001EFA9D /* LookPassWordViewController.xib in Resources */ = {isa = PBXBuildFile; fileRef = FB3995DC18F04141001EFA9D /* LookPassWordViewController.xib */; };
		FB3995E218F0512C001EFA9D /* PhoneLookPassWordViewController.m in Sources */ = {isa = PBXBuildFile; fileRef = FB3995E018F0512C001EFA9D /* PhoneLookPassWordViewController.m */; };
		FB3995E318F0512C001EFA9D /* PhoneLookPassWordViewController.xib in Resources */ = {isa = PBXBuildFile; fileRef = FB3995E118F0512C001EFA9D /* PhoneLookPassWordViewController.xib */; };
		FB3995E718F05217001EFA9D /* EmailLookPassWordViewController.m in Sources */ = {isa = PBXBuildFile; fileRef = FB3995E518F05217001EFA9D /* EmailLookPassWordViewController.m */; };
		FB3995E818F05217001EFA9D /* EmailLookPassWordViewController.xib in Resources */ = {isa = PBXBuildFile; fileRef = FB3995E618F05217001EFA9D /* EmailLookPassWordViewController.xib */; };
		FB52370518EEB0D900ACDE50 /* bt_friends_normal.png in Resources */ = {isa = PBXBuildFile; fileRef = FB5236FD18EEB0D900ACDE50 /* bt_friends_normal.png */; };
		FB52370618EEB0D900ACDE50 /* bt_friends_pressed.png in Resources */ = {isa = PBXBuildFile; fileRef = FB5236FE18EEB0D900ACDE50 /* bt_friends_pressed.png */; };
		FB52370718EEB0D900ACDE50 /* bt_home_normal.png in Resources */ = {isa = PBXBuildFile; fileRef = FB5236FF18EEB0D900ACDE50 /* bt_home_normal.png */; };
		FB52370818EEB0D900ACDE50 /* bt_home_pressed.png in Resources */ = {isa = PBXBuildFile; fileRef = FB52370018EEB0D900ACDE50 /* bt_home_pressed.png */; };
		FB52370918EEB0D900ACDE50 /* bt_ring_normal.png in Resources */ = {isa = PBXBuildFile; fileRef = FB52370118EEB0D900ACDE50 /* bt_ring_normal.png */; };
		FB52370A18EEB0D900ACDE50 /* bt_ring_pressed.png in Resources */ = {isa = PBXBuildFile; fileRef = FB52370218EEB0D900ACDE50 /* bt_ring_pressed.png */; };
		FB52370B18EEB0D900ACDE50 /* bt_setting_normal.png in Resources */ = {isa = PBXBuildFile; fileRef = FB52370318EEB0D900ACDE50 /* bt_setting_normal.png */; };
		FB52370C18EEB0D900ACDE50 /* bt_setting_pressed.png in Resources */ = {isa = PBXBuildFile; fileRef = FB52370418EEB0D900ACDE50 /* bt_setting_pressed.png */; };
		FB52371B18EEBF8C00ACDE50 /* SetColckViewController.m in Sources */ = {isa = PBXBuildFile; fileRef = FB52371918EEBF8C00ACDE50 /* SetColckViewController.m */; };
		FB52371C18EEBF8C00ACDE50 /* SetColckViewController.xib in Resources */ = {isa = PBXBuildFile; fileRef = FB52371A18EEBF8C00ACDE50 /* SetColckViewController.xib */; };
		FB845B8F18ED4E5600B1BB3C /* bt_back.png in Resources */ = {isa = PBXBuildFile; fileRef = FB845B8E18ED4E5600B1BB3C /* bt_back.png */; };
		FB91CB1D18EBA77500DF91E3 /* BaseNavViewController.m in Sources */ = {isa = PBXBuildFile; fileRef = FB91CB1818EBA77500DF91E3 /* BaseNavViewController.m */; };
		FB91CB1E18EBA77500DF91E3 /* BaseViewController.m in Sources */ = {isa = PBXBuildFile; fileRef = FB91CB1A18EBA77500DF91E3 /* BaseViewController.m */; };
		FB91CB1F18EBA77500DF91E3 /* WXBaseModel.m in Sources */ = {isa = PBXBuildFile; fileRef = FB91CB1C18EBA77500DF91E3 /* WXBaseModel.m */; };
		FB91CB3E18EBA7DE00DF91E3 /* FriendsViewController.m in Sources */ = {isa = PBXBuildFile; fileRef = FB91CB2618EBA7DE00DF91E3 /* FriendsViewController.m */; };
		FB91CB3F18EBA7DE00DF91E3 /* FriendsViewController.xib in Resources */ = {isa = PBXBuildFile; fileRef = FB91CB2718EBA7DE00DF91E3 /* FriendsViewController.xib */; };
		FB91CB4018EBA7DE00DF91E3 /* HomeViewController.m in Sources */ = {isa = PBXBuildFile; fileRef = FB91CB2A18EBA7DE00DF91E3 /* HomeViewController.m */; };
		FB91CB4118EBA7DE00DF91E3 /* HomeViewController.xib in Resources */ = {isa = PBXBuildFile; fileRef = FB91CB2B18EBA7DE00DF91E3 /* HomeViewController.xib */; };
		FB91CB4218EBA7DE00DF91E3 /* LoginViewController.m in Sources */ = {isa = PBXBuildFile; fileRef = FB91CB2E18EBA7DE00DF91E3 /* LoginViewController.m */; };
		FB91CB4318EBA7DE00DF91E3 /* LoginViewController.xib in Resources */ = {isa = PBXBuildFile; fileRef = FB91CB2F18EBA7DE00DF91E3 /* LoginViewController.xib */; };
		FB91CB4418EBA7DE00DF91E3 /* RingViewController.m in Sources */ = {isa = PBXBuildFile; fileRef = FB91CB3218EBA7DE00DF91E3 /* RingViewController.m */; };
		FB91CB4518EBA7DE00DF91E3 /* RingViewController.xib in Resources */ = {isa = PBXBuildFile; fileRef = FB91CB3318EBA7DE00DF91E3 /* RingViewController.xib */; };
		FB91CB4618EBA7DE00DF91E3 /* SettingViewController.m in Sources */ = {isa = PBXBuildFile; fileRef = FB91CB3618EBA7DE00DF91E3 /* SettingViewController.m */; };
		FB91CB4718EBA7DE00DF91E3 /* SettingViewController.xib in Resources */ = {isa = PBXBuildFile; fileRef = FB91CB3718EBA7DE00DF91E3 /* SettingViewController.xib */; };
		FB91CB4918EBA7DE00DF91E3 /* UIViewExt.m in Sources */ = {isa = PBXBuildFile; fileRef = FB91CB3D18EBA7DE00DF91E3 /* UIViewExt.m */; };
		FB91CB4C18EBA7FE00DF91E3 /* TabBarViewController.m in Sources */ = {isa = PBXBuildFile; fileRef = FB91CB4B18EBA7FE00DF91E3 /* TabBarViewController.m */; };
		FB91CB4E18EBAA8000DF91E3 /* QuartzCore.framework in Frameworks */ = {isa = PBXBuildFile; fileRef = FB91CB4D18EBAA8000DF91E3 /* QuartzCore.framework */; };
		FB91CB5818EBD5EB00DF91E3 /* bt_checkbox_normal.png in Resources */ = {isa = PBXBuildFile; fileRef = FB91CB5218EBD5EB00DF91E3 /* bt_checkbox_normal.png */; };
		FB91CB5918EBD5EB00DF91E3 /* bt_checkbox_selected.png in Resources */ = {isa = PBXBuildFile; fileRef = FB91CB5318EBD5EB00DF91E3 /* bt_checkbox_selected.png */; };
		FB91CB5A18EBD5EB00DF91E3 /* ic_default_avatar.png in Resources */ = {isa = PBXBuildFile; fileRef = FB91CB5418EBD5EB00DF91E3 /* ic_default_avatar.png */; };
		FB91CB5B18EBD5EB00DF91E3 /* ic_lock.png in Resources */ = {isa = PBXBuildFile; fileRef = FB91CB5518EBD5EB00DF91E3 /* ic_lock.png */; };
		FB91CB5C18EBD5EB00DF91E3 /* ic_test_head.png in Resources */ = {isa = PBXBuildFile; fileRef = FB91CB5618EBD5EB00DF91E3 /* ic_test_head.png */; };
		FB91CB5D18EBD5EB00DF91E3 /* ic_user.png in Resources */ = {isa = PBXBuildFile; fileRef = FB91CB5718EBD5EB00DF91E3 /* ic_user.png */; };
		FB91CB6118EBE63B00DF91E3 /* RegisterViewController.m in Sources */ = {isa = PBXBuildFile; fileRef = FB91CB5F18EBE63B00DF91E3 /* RegisterViewController.m */; };
		FB91CB6218EBE63B00DF91E3 /* RegisterViewController.xib in Resources */ = {isa = PBXBuildFile; fileRef = FB91CB6018EBE63B00DF91E3 /* RegisterViewController.xib */; };
		FB9F579118EA561500BF120D /* Foundation.framework in Frameworks */ = {isa = PBXBuildFile; fileRef = FB9F579018EA561500BF120D /* Foundation.framework */; };
		FB9F579318EA561500BF120D /* CoreGraphics.framework in Frameworks */ = {isa = PBXBuildFile; fileRef = FB9F579218EA561500BF120D /* CoreGraphics.framework */; };
		FB9F579518EA561500BF120D /* UIKit.framework in Frameworks */ = {isa = PBXBuildFile; fileRef = FB9F579418EA561500BF120D /* UIKit.framework */; };
		FB9F579B18EA561600BF120D /* InfoPlist.strings in Resources */ = {isa = PBXBuildFile; fileRef = FB9F579918EA561600BF120D /* InfoPlist.strings */; };
		FB9F579D18EA561600BF120D /* main.m in Sources */ = {isa = PBXBuildFile; fileRef = FB9F579C18EA561600BF120D /* main.m */; };
		FB9F57A118EA561600BF120D /* AppDelegate.m in Sources */ = {isa = PBXBuildFile; fileRef = FB9F57A018EA561600BF120D /* AppDelegate.m */; };
		FB9F57A318EA561600BF120D /* Images.xcassets in Resources */ = {isa = PBXBuildFile; fileRef = FB9F57A218EA561600BF120D /* Images.xcassets */; };
		FB9F57AA18EA561600BF120D /* XCTest.framework in Frameworks */ = {isa = PBXBuildFile; fileRef = FB9F57A918EA561600BF120D /* XCTest.framework */; };
		FB9F57AB18EA561600BF120D /* Foundation.framework in Frameworks */ = {isa = PBXBuildFile; fileRef = FB9F579018EA561500BF120D /* Foundation.framework */; };
		FB9F57AC18EA561600BF120D /* UIKit.framework in Frameworks */ = {isa = PBXBuildFile; fileRef = FB9F579418EA561500BF120D /* UIKit.framework */; };
		FB9F57B418EA561600BF120D /* InfoPlist.strings in Resources */ = {isa = PBXBuildFile; fileRef = FB9F57B218EA561600BF120D /* InfoPlist.strings */; };
		FB9F57B618EA561600BF120D /* BedsideTreasureTests.m in Sources */ = {isa = PBXBuildFile; fileRef = FB9F57B518EA561600BF120D /* BedsideTreasureTests.m */; };
/* End PBXBuildFile section */

/* Begin PBXContainerItemProxy section */
		FB9F57AD18EA561600BF120D /* PBXContainerItemProxy */ = {
			isa = PBXContainerItemProxy;
			containerPortal = FB9F578518EA561500BF120D /* Project object */;
			proxyType = 1;
			remoteGlobalIDString = FB9F578C18EA561500BF120D;
			remoteInfo = BedsideTreasure;
		};
/* End PBXContainerItemProxy section */

/* Begin PBXFileReference section */
		FB2FF7DA18F11F9800DFA3C1 /* ResetPassWordViewController.h */ = {isa = PBXFileReference; fileEncoding = 4; lastKnownFileType = sourcecode.c.h; path = ResetPassWordViewController.h; sourceTree = "<group>"; };
		FB2FF7DB18F11F9800DFA3C1 /* ResetPassWordViewController.m */ = {isa = PBXFileReference; fileEncoding = 4; lastKnownFileType = sourcecode.c.objc; path = ResetPassWordViewController.m; sourceTree = "<group>"; };
		FB2FF7DC18F11F9800DFA3C1 /* ResetPassWordViewController.xib */ = {isa = PBXFileReference; fileEncoding = 4; lastKnownFileType = file.xib; path = ResetPassWordViewController.xib; sourceTree = "<group>"; };
		FB2FF7DF18F18F1300DFA3C1 /* AccountViewController.h */ = {isa = PBXFileReference; fileEncoding = 4; lastKnownFileType = sourcecode.c.h; path = AccountViewController.h; sourceTree = "<group>"; };
		FB2FF7E018F18F1300DFA3C1 /* AccountViewController.m */ = {isa = PBXFileReference; fileEncoding = 4; lastKnownFileType = sourcecode.c.objc; path = AccountViewController.m; sourceTree = "<group>"; };
		FB2FF7E118F18F1300DFA3C1 /* AccountViewController.xib */ = {isa = PBXFileReference; fileEncoding = 4; lastKnownFileType = file.xib; path = AccountViewController.xib; sourceTree = "<group>"; };
		FB2FF7E418F1918000DFA3C1 /* AccountTableViewCell.h */ = {isa = PBXFileReference; fileEncoding = 4; lastKnownFileType = sourcecode.c.h; path = AccountTableViewCell.h; sourceTree = "<group>"; };
		FB2FF7E518F1918000DFA3C1 /* AccountTableViewCell.m */ = {isa = PBXFileReference; fileEncoding = 4; lastKnownFileType = sourcecode.c.objc; path = AccountTableViewCell.m; sourceTree = "<group>"; };
		FB2FF7E618F1918000DFA3C1 /* AccountTableViewCell.xib */ = {isa = PBXFileReference; fileEncoding = 4; lastKnownFileType = file.xib; path = AccountTableViewCell.xib; sourceTree = "<group>"; };
		FB2FF7E918F1A8D200DFA3C1 /* HelpViewController.h */ = {isa = PBXFileReference; fileEncoding = 4; lastKnownFileType = sourcecode.c.h; path = HelpViewController.h; sourceTree = "<group>"; };
		FB2FF7EA18F1A8D200DFA3C1 /* HelpViewController.m */ = {isa = PBXFileReference; fileEncoding = 4; lastKnownFileType = sourcecode.c.objc; path = HelpViewController.m; sourceTree = "<group>"; };
		FB2FF7EB18F1A8D200DFA3C1 /* HelpViewController.xib */ = {isa = PBXFileReference; fileEncoding = 4; lastKnownFileType = file.xib; path = HelpViewController.xib; sourceTree = "<group>"; };
		FB2FF7EE18F1AB4A00DFA3C1 /* FeedbackViewController.h */ = {isa = PBXFileReference; fileEncoding = 4; lastKnownFileType = sourcecode.c.h; path = FeedbackViewController.h; sourceTree = "<group>"; };
		FB2FF7EF18F1AB4A00DFA3C1 /* FeedbackViewController.m */ = {isa = PBXFileReference; fileEncoding = 4; lastKnownFileType = sourcecode.c.objc; path = FeedbackViewController.m; sourceTree = "<group>"; };
		FB2FF7F018F1AB4A00DFA3C1 /* FeedbackViewController.xib */ = {isa = PBXFileReference; fileEncoding = 4; lastKnownFileType = file.xib; path = FeedbackViewController.xib; sourceTree = "<group>"; };
		FB2FF7F318F1ABA000DFA3C1 /* AboutViewController.h */ = {isa = PBXFileReference; fileEncoding = 4; lastKnownFileType = sourcecode.c.h; path = AboutViewController.h; sourceTree = "<group>"; };
		FB2FF7F418F1ABA000DFA3C1 /* AboutViewController.m */ = {isa = PBXFileReference; fileEncoding = 4; lastKnownFileType = sourcecode.c.objc; path = AboutViewController.m; sourceTree = "<group>"; };
		FB2FF7F518F1ABA000DFA3C1 /* AboutViewController.xib */ = {isa = PBXFileReference; fileEncoding = 4; lastKnownFileType = file.xib; path = AboutViewController.xib; sourceTree = "<group>"; };
		FB3995D218F008BC001EFA9D /* Clock.h */ = {isa = PBXFileReference; fileEncoding = 4; lastKnownFileType = sourcecode.c.h; path = Clock.h; sourceTree = "<group>"; };
		FB3995D318F008BC001EFA9D /* Clock.m */ = {isa = PBXFileReference; fileEncoding = 4; lastKnownFileType = sourcecode.c.objc; path = Clock.m; sourceTree = "<group>"; };
		FB3995D518F02D5B001EFA9D /* SetIspaceViewController.h */ = {isa = PBXFileReference; fileEncoding = 4; lastKnownFileType = sourcecode.c.h; path = SetIspaceViewController.h; sourceTree = "<group>"; };
		FB3995D618F02D5B001EFA9D /* SetIspaceViewController.m */ = {isa = PBXFileReference; fileEncoding = 4; lastKnownFileType = sourcecode.c.objc; path = SetIspaceViewController.m; sourceTree = "<group>"; };
		FB3995D718F02D5B001EFA9D /* SetIspaceViewController.xib */ = {isa = PBXFileReference; fileEncoding = 4; lastKnownFileType = file.xib; path = SetIspaceViewController.xib; sourceTree = "<group>"; };
		FB3995DA18F04141001EFA9D /* LookPassWordViewController.h */ = {isa = PBXFileReference; fileEncoding = 4; lastKnownFileType = sourcecode.c.h; path = LookPassWordViewController.h; sourceTree = "<group>"; };
		FB3995DB18F04141001EFA9D /* LookPassWordViewController.m */ = {isa = PBXFileReference; fileEncoding = 4; lastKnownFileType = sourcecode.c.objc; path = LookPassWordViewController.m; sourceTree = "<group>"; };
		FB3995DC18F04141001EFA9D /* LookPassWordViewController.xib */ = {isa = PBXFileReference; fileEncoding = 4; lastKnownFileType = file.xib; path = LookPassWordViewController.xib; sourceTree = "<group>"; };
		FB3995DF18F0512C001EFA9D /* PhoneLookPassWordViewController.h */ = {isa = PBXFileReference; fileEncoding = 4; lastKnownFileType = sourcecode.c.h; path = PhoneLookPassWordViewController.h; sourceTree = "<group>"; };
		FB3995E018F0512C001EFA9D /* PhoneLookPassWordViewController.m */ = {isa = PBXFileReference; fileEncoding = 4; lastKnownFileType = sourcecode.c.objc; path = PhoneLookPassWordViewController.m; sourceTree = "<group>"; };
		FB3995E118F0512C001EFA9D /* PhoneLookPassWordViewController.xib */ = {isa = PBXFileReference; fileEncoding = 4; lastKnownFileType = file.xib; path = PhoneLookPassWordViewController.xib; sourceTree = "<group>"; };
		FB3995E418F05217001EFA9D /* EmailLookPassWordViewController.h */ = {isa = PBXFileReference; fileEncoding = 4; lastKnownFileType = sourcecode.c.h; path = EmailLookPassWordViewController.h; sourceTree = "<group>"; };
		FB3995E518F05217001EFA9D /* EmailLookPassWordViewController.m */ = {isa = PBXFileReference; fileEncoding = 4; lastKnownFileType = sourcecode.c.objc; path = EmailLookPassWordViewController.m; sourceTree = "<group>"; };
		FB3995E618F05217001EFA9D /* EmailLookPassWordViewController.xib */ = {isa = PBXFileReference; fileEncoding = 4; lastKnownFileType = file.xib; path = EmailLookPassWordViewController.xib; sourceTree = "<group>"; };
		FB5236FD18EEB0D900ACDE50 /* bt_friends_normal.png */ = {isa = PBXFileReference; lastKnownFileType = image.png; path = bt_friends_normal.png; sourceTree = "<group>"; };
		FB5236FE18EEB0D900ACDE50 /* bt_friends_pressed.png */ = {isa = PBXFileReference; lastKnownFileType = image.png; path = bt_friends_pressed.png; sourceTree = "<group>"; };
		FB5236FF18EEB0D900ACDE50 /* bt_home_normal.png */ = {isa = PBXFileReference; lastKnownFileType = image.png; path = bt_home_normal.png; sourceTree = "<group>"; };
		FB52370018EEB0D900ACDE50 /* bt_home_pressed.png */ = {isa = PBXFileReference; lastKnownFileType = image.png; path = bt_home_pressed.png; sourceTree = "<group>"; };
		FB52370118EEB0D900ACDE50 /* bt_ring_normal.png */ = {isa = PBXFileReference; lastKnownFileType = image.png; path = bt_ring_normal.png; sourceTree = "<group>"; };
		FB52370218EEB0D900ACDE50 /* bt_ring_pressed.png */ = {isa = PBXFileReference; lastKnownFileType = image.png; path = bt_ring_pressed.png; sourceTree = "<group>"; };
		FB52370318EEB0D900ACDE50 /* bt_setting_normal.png */ = {isa = PBXFileReference; lastKnownFileType = image.png; path = bt_setting_normal.png; sourceTree = "<group>"; };
		FB52370418EEB0D900ACDE50 /* bt_setting_pressed.png */ = {isa = PBXFileReference; lastKnownFileType = image.png; path = bt_setting_pressed.png; sourceTree = "<group>"; };
		FB52371818EEBF8C00ACDE50 /* SetColckViewController.h */ = {isa = PBXFileReference; fileEncoding = 4; lastKnownFileType = sourcecode.c.h; path = SetColckViewController.h; sourceTree = "<group>"; };
		FB52371918EEBF8C00ACDE50 /* SetColckViewController.m */ = {isa = PBXFileReference; fileEncoding = 4; lastKnownFileType = sourcecode.c.objc; path = SetColckViewController.m; sourceTree = "<group>"; };
		FB52371A18EEBF8C00ACDE50 /* SetColckViewController.xib */ = {isa = PBXFileReference; fileEncoding = 4; lastKnownFileType = file.xib; path = SetColckViewController.xib; sourceTree = "<group>"; };
		FB845B8E18ED4E5600B1BB3C /* bt_back.png */ = {isa = PBXFileReference; lastKnownFileType = image.png; path = bt_back.png; sourceTree = "<group>"; };
		FB91CB1718EBA77500DF91E3 /* BaseNavViewController.h */ = {isa = PBXFileReference; fileEncoding = 4; lastKnownFileType = sourcecode.c.h; path = BaseNavViewController.h; sourceTree = "<group>"; };
		FB91CB1818EBA77500DF91E3 /* BaseNavViewController.m */ = {isa = PBXFileReference; fileEncoding = 4; lastKnownFileType = sourcecode.c.objc; path = BaseNavViewController.m; sourceTree = "<group>"; };
		FB91CB1918EBA77500DF91E3 /* BaseViewController.h */ = {isa = PBXFileReference; fileEncoding = 4; lastKnownFileType = sourcecode.c.h; path = BaseViewController.h; sourceTree = "<group>"; };
		FB91CB1A18EBA77500DF91E3 /* BaseViewController.m */ = {isa = PBXFileReference; fileEncoding = 4; lastKnownFileType = sourcecode.c.objc; path = BaseViewController.m; sourceTree = "<group>"; };
		FB91CB1B18EBA77500DF91E3 /* WXBaseModel.h */ = {isa = PBXFileReference; fileEncoding = 4; lastKnownFileType = sourcecode.c.h; path = WXBaseModel.h; sourceTree = "<group>"; };
		FB91CB1C18EBA77500DF91E3 /* WXBaseModel.m */ = {isa = PBXFileReference; fileEncoding = 4; lastKnownFileType = sourcecode.c.objc; path = WXBaseModel.m; sourceTree = "<group>"; };
		FB91CB2518EBA7DE00DF91E3 /* FriendsViewController.h */ = {isa = PBXFileReference; fileEncoding = 4; lastKnownFileType = sourcecode.c.h; path = FriendsViewController.h; sourceTree = "<group>"; };
		FB91CB2618EBA7DE00DF91E3 /* FriendsViewController.m */ = {isa = PBXFileReference; fileEncoding = 4; lastKnownFileType = sourcecode.c.objc; path = FriendsViewController.m; sourceTree = "<group>"; };
		FB91CB2718EBA7DE00DF91E3 /* FriendsViewController.xib */ = {isa = PBXFileReference; fileEncoding = 4; lastKnownFileType = file.xib; path = FriendsViewController.xib; sourceTree = "<group>"; };
		FB91CB2918EBA7DE00DF91E3 /* HomeViewController.h */ = {isa = PBXFileReference; fileEncoding = 4; lastKnownFileType = sourcecode.c.h; path = HomeViewController.h; sourceTree = "<group>"; };
		FB91CB2A18EBA7DE00DF91E3 /* HomeViewController.m */ = {isa = PBXFileReference; fileEncoding = 4; lastKnownFileType = sourcecode.c.objc; path = HomeViewController.m; sourceTree = "<group>"; };
		FB91CB2B18EBA7DE00DF91E3 /* HomeViewController.xib */ = {isa = PBXFileReference; fileEncoding = 4; lastKnownFileType = file.xib; path = HomeViewController.xib; sourceTree = "<group>"; };
		FB91CB2D18EBA7DE00DF91E3 /* LoginViewController.h */ = {isa = PBXFileReference; fileEncoding = 4; lastKnownFileType = sourcecode.c.h; path = LoginViewController.h; sourceTree = "<group>"; };
		FB91CB2E18EBA7DE00DF91E3 /* LoginViewController.m */ = {isa = PBXFileReference; fileEncoding = 4; lastKnownFileType = sourcecode.c.objc; path = LoginViewController.m; sourceTree = "<group>"; };
		FB91CB2F18EBA7DE00DF91E3 /* LoginViewController.xib */ = {isa = PBXFileReference; fileEncoding = 4; lastKnownFileType = file.xib; path = LoginViewController.xib; sourceTree = "<group>"; };
		FB91CB3118EBA7DE00DF91E3 /* RingViewController.h */ = {isa = PBXFileReference; fileEncoding = 4; lastKnownFileType = sourcecode.c.h; path = RingViewController.h; sourceTree = "<group>"; };
		FB91CB3218EBA7DE00DF91E3 /* RingViewController.m */ = {isa = PBXFileReference; fileEncoding = 4; lastKnownFileType = sourcecode.c.objc; path = RingViewController.m; sourceTree = "<group>"; };
		FB91CB3318EBA7DE00DF91E3 /* RingViewController.xib */ = {isa = PBXFileReference; fileEncoding = 4; lastKnownFileType = file.xib; path = RingViewController.xib; sourceTree = "<group>"; };
		FB91CB3518EBA7DE00DF91E3 /* SettingViewController.h */ = {isa = PBXFileReference; fileEncoding = 4; lastKnownFileType = sourcecode.c.h; path = SettingViewController.h; sourceTree = "<group>"; };
		FB91CB3618EBA7DE00DF91E3 /* SettingViewController.m */ = {isa = PBXFileReference; fileEncoding = 4; lastKnownFileType = sourcecode.c.objc; path = SettingViewController.m; sourceTree = "<group>"; };
		FB91CB3718EBA7DE00DF91E3 /* SettingViewController.xib */ = {isa = PBXFileReference; fileEncoding = 4; lastKnownFileType = file.xib; path = SettingViewController.xib; sourceTree = "<group>"; };
		FB91CB3C18EBA7DE00DF91E3 /* UIViewExt.h */ = {isa = PBXFileReference; fileEncoding = 4; lastKnownFileType = sourcecode.c.h; path = UIViewExt.h; sourceTree = "<group>"; };
		FB91CB3D18EBA7DE00DF91E3 /* UIViewExt.m */ = {isa = PBXFileReference; fileEncoding = 4; lastKnownFileType = sourcecode.c.objc; path = UIViewExt.m; sourceTree = "<group>"; };
		FB91CB4A18EBA7FE00DF91E3 /* TabBarViewController.h */ = {isa = PBXFileReference; fileEncoding = 4; lastKnownFileType = sourcecode.c.h; path = TabBarViewController.h; sourceTree = "<group>"; };
		FB91CB4B18EBA7FE00DF91E3 /* TabBarViewController.m */ = {isa = PBXFileReference; fileEncoding = 4; lastKnownFileType = sourcecode.c.objc; path = TabBarViewController.m; sourceTree = "<group>"; };
		FB91CB4D18EBAA8000DF91E3 /* QuartzCore.framework */ = {isa = PBXFileReference; lastKnownFileType = wrapper.framework; name = QuartzCore.framework; path = System/Library/Frameworks/QuartzCore.framework; sourceTree = SDKROOT; };
		FB91CB5218EBD5EB00DF91E3 /* bt_checkbox_normal.png */ = {isa = PBXFileReference; lastKnownFileType = image.png; path = bt_checkbox_normal.png; sourceTree = "<group>"; };
		FB91CB5318EBD5EB00DF91E3 /* bt_checkbox_selected.png */ = {isa = PBXFileReference; lastKnownFileType = image.png; path = bt_checkbox_selected.png; sourceTree = "<group>"; };
		FB91CB5418EBD5EB00DF91E3 /* ic_default_avatar.png */ = {isa = PBXFileReference; lastKnownFileType = image.png; path = ic_default_avatar.png; sourceTree = "<group>"; };
		FB91CB5518EBD5EB00DF91E3 /* ic_lock.png */ = {isa = PBXFileReference; lastKnownFileType = image.png; path = ic_lock.png; sourceTree = "<group>"; };
		FB91CB5618EBD5EB00DF91E3 /* ic_test_head.png */ = {isa = PBXFileReference; lastKnownFileType = image.png; path = ic_test_head.png; sourceTree = "<group>"; };
		FB91CB5718EBD5EB00DF91E3 /* ic_user.png */ = {isa = PBXFileReference; lastKnownFileType = image.png; path = ic_user.png; sourceTree = "<group>"; };
		FB91CB5E18EBE63B00DF91E3 /* RegisterViewController.h */ = {isa = PBXFileReference; fileEncoding = 4; lastKnownFileType = sourcecode.c.h; path = RegisterViewController.h; sourceTree = "<group>"; };
		FB91CB5F18EBE63B00DF91E3 /* RegisterViewController.m */ = {isa = PBXFileReference; fileEncoding = 4; lastKnownFileType = sourcecode.c.objc; path = RegisterViewController.m; sourceTree = "<group>"; };
		FB91CB6018EBE63B00DF91E3 /* RegisterViewController.xib */ = {isa = PBXFileReference; fileEncoding = 4; lastKnownFileType = file.xib; path = RegisterViewController.xib; sourceTree = "<group>"; };
		FB9F578D18EA561500BF120D /* BedsideTreasure.app */ = {isa = PBXFileReference; explicitFileType = wrapper.application; includeInIndex = 0; path = BedsideTreasure.app; sourceTree = BUILT_PRODUCTS_DIR; };
		FB9F579018EA561500BF120D /* Foundation.framework */ = {isa = PBXFileReference; lastKnownFileType = wrapper.framework; name = Foundation.framework; path = System/Library/Frameworks/Foundation.framework; sourceTree = SDKROOT; };
		FB9F579218EA561500BF120D /* CoreGraphics.framework */ = {isa = PBXFileReference; lastKnownFileType = wrapper.framework; name = CoreGraphics.framework; path = System/Library/Frameworks/CoreGraphics.framework; sourceTree = SDKROOT; };
		FB9F579418EA561500BF120D /* UIKit.framework */ = {isa = PBXFileReference; lastKnownFileType = wrapper.framework; name = UIKit.framework; path = System/Library/Frameworks/UIKit.framework; sourceTree = SDKROOT; };
		FB9F579818EA561600BF120D /* BedsideTreasure-Info.plist */ = {isa = PBXFileReference; lastKnownFileType = text.plist.xml; path = "BedsideTreasure-Info.plist"; sourceTree = "<group>"; };
		FB9F579A18EA561600BF120D /* en */ = {isa = PBXFileReference; lastKnownFileType = text.plist.strings; name = en; path = en.lproj/InfoPlist.strings; sourceTree = "<group>"; };
		FB9F579C18EA561600BF120D /* main.m */ = {isa = PBXFileReference; lastKnownFileType = sourcecode.c.objc; path = main.m; sourceTree = "<group>"; };
		FB9F579E18EA561600BF120D /* BedsideTreasure-Prefix.pch */ = {isa = PBXFileReference; lastKnownFileType = sourcecode.c.h; path = "BedsideTreasure-Prefix.pch"; sourceTree = "<group>"; };
		FB9F579F18EA561600BF120D /* AppDelegate.h */ = {isa = PBXFileReference; lastKnownFileType = sourcecode.c.h; path = AppDelegate.h; sourceTree = "<group>"; };
		FB9F57A018EA561600BF120D /* AppDelegate.m */ = {isa = PBXFileReference; lastKnownFileType = sourcecode.c.objc; path = AppDelegate.m; sourceTree = "<group>"; };
		FB9F57A218EA561600BF120D /* Images.xcassets */ = {isa = PBXFileReference; lastKnownFileType = folder.assetcatalog; path = Images.xcassets; sourceTree = "<group>"; };
		FB9F57A818EA561600BF120D /* BedsideTreasureTests.xctest */ = {isa = PBXFileReference; explicitFileType = wrapper.cfbundle; includeInIndex = 0; path = BedsideTreasureTests.xctest; sourceTree = BUILT_PRODUCTS_DIR; };
		FB9F57A918EA561600BF120D /* XCTest.framework */ = {isa = PBXFileReference; lastKnownFileType = wrapper.framework; name = XCTest.framework; path = Library/Frameworks/XCTest.framework; sourceTree = DEVELOPER_DIR; };
		FB9F57B118EA561600BF120D /* BedsideTreasureTests-Info.plist */ = {isa = PBXFileReference; lastKnownFileType = text.plist.xml; path = "BedsideTreasureTests-Info.plist"; sourceTree = "<group>"; };
		FB9F57B318EA561600BF120D /* en */ = {isa = PBXFileReference; lastKnownFileType = text.plist.strings; name = en; path = en.lproj/InfoPlist.strings; sourceTree = "<group>"; };
		FB9F57B518EA561600BF120D /* BedsideTreasureTests.m */ = {isa = PBXFileReference; lastKnownFileType = sourcecode.c.objc; path = BedsideTreasureTests.m; sourceTree = "<group>"; };
/* End PBXFileReference section */

/* Begin PBXFrameworksBuildPhase section */
		FB9F578A18EA561500BF120D /* Frameworks */ = {
			isa = PBXFrameworksBuildPhase;
			buildActionMask = 2147483647;
			files = (
				FB91CB4E18EBAA8000DF91E3 /* QuartzCore.framework in Frameworks */,
				FB9F579318EA561500BF120D /* CoreGraphics.framework in Frameworks */,
				FB9F579518EA561500BF120D /* UIKit.framework in Frameworks */,
				FB9F579118EA561500BF120D /* Foundation.framework in Frameworks */,
			);
			runOnlyForDeploymentPostprocessing = 0;
		};
		FB9F57A518EA561600BF120D /* Frameworks */ = {
			isa = PBXFrameworksBuildPhase;
			buildActionMask = 2147483647;
			files = (
				FB9F57AA18EA561600BF120D /* XCTest.framework in Frameworks */,
				FB9F57AC18EA561600BF120D /* UIKit.framework in Frameworks */,
				FB9F57AB18EA561600BF120D /* Foundation.framework in Frameworks */,
			);
			runOnlyForDeploymentPostprocessing = 0;
		};
/* End PBXFrameworksBuildPhase section */

/* Begin PBXGroup section */
		FB2FF7F818F1ACDB00DFA3C1 /* Account */ = {
			isa = PBXGroup;
			children = (
				FB2FF7DF18F18F1300DFA3C1 /* AccountViewController.h */,
				FB2FF7E018F18F1300DFA3C1 /* AccountViewController.m */,
				FB2FF7E118F18F1300DFA3C1 /* AccountViewController.xib */,
				FB2FF7E418F1918000DFA3C1 /* AccountTableViewCell.h */,
				FB2FF7E518F1918000DFA3C1 /* AccountTableViewCell.m */,
				FB2FF7E618F1918000DFA3C1 /* AccountTableViewCell.xib */,
			);
			name = Account;
			sourceTree = "<group>";
		};
		FB2FF7F918F1AD0400DFA3C1 /* Help */ = {
			isa = PBXGroup;
			children = (
				FB2FF7E918F1A8D200DFA3C1 /* HelpViewController.h */,
				FB2FF7EA18F1A8D200DFA3C1 /* HelpViewController.m */,
				FB2FF7EB18F1A8D200DFA3C1 /* HelpViewController.xib */,
			);
			name = Help;
			sourceTree = "<group>";
		};
		FB2FF7FA18F1AD2200DFA3C1 /* About */ = {
			isa = PBXGroup;
			children = (
				FB2FF7F318F1ABA000DFA3C1 /* AboutViewController.h */,
				FB2FF7F418F1ABA000DFA3C1 /* AboutViewController.m */,
				FB2FF7F518F1ABA000DFA3C1 /* AboutViewController.xib */,
				FB2FF7EE18F1AB4A00DFA3C1 /* FeedbackViewController.h */,
				FB2FF7EF18F1AB4A00DFA3C1 /* FeedbackViewController.m */,
				FB2FF7F018F1AB4A00DFA3C1 /* FeedbackViewController.xib */,
			);
			name = About;
			sourceTree = "<group>";
		};
		FB91CB1618EBA77500DF91E3 /* BaseClass */ = {
			isa = PBXGroup;
			children = (
				FB91CB1718EBA77500DF91E3 /* BaseNavViewController.h */,
				FB91CB1818EBA77500DF91E3 /* BaseNavViewController.m */,
				FB91CB1918EBA77500DF91E3 /* BaseViewController.h */,
				FB91CB1A18EBA77500DF91E3 /* BaseViewController.m */,
				FB91CB1B18EBA77500DF91E3 /* WXBaseModel.h */,
				FB91CB1C18EBA77500DF91E3 /* WXBaseModel.m */,
			);
			path = BaseClass;
			sourceTree = "<group>";
		};
		FB91CB2418EBA7DE00DF91E3 /* Friends */ = {
			isa = PBXGroup;
			children = (
				FB91CB2518EBA7DE00DF91E3 /* FriendsViewController.h */,
				FB91CB2618EBA7DE00DF91E3 /* FriendsViewController.m */,
				FB91CB2718EBA7DE00DF91E3 /* FriendsViewController.xib */,
			);
			path = Friends;
			sourceTree = "<group>";
		};
		FB91CB2818EBA7DE00DF91E3 /* Home */ = {
			isa = PBXGroup;
			children = (
				FB91CB2918EBA7DE00DF91E3 /* HomeViewController.h */,
				FB91CB2A18EBA7DE00DF91E3 /* HomeViewController.m */,
				FB91CB2B18EBA7DE00DF91E3 /* HomeViewController.xib */,
				FB52371818EEBF8C00ACDE50 /* SetColckViewController.h */,
				FB52371918EEBF8C00ACDE50 /* SetColckViewController.m */,
				FB52371A18EEBF8C00ACDE50 /* SetColckViewController.xib */,
			);
			path = Home;
			sourceTree = "<group>";
		};
		FB91CB2C18EBA7DE00DF91E3 /* LoginView */ = {
			isa = PBXGroup;
			children = (
				FB91CB2D18EBA7DE00DF91E3 /* LoginViewController.h */,
				FB91CB2E18EBA7DE00DF91E3 /* LoginViewController.m */,
				FB91CB2F18EBA7DE00DF91E3 /* LoginViewController.xib */,
				FB3995DA18F04141001EFA9D /* LookPassWordViewController.h */,
				FB3995DB18F04141001EFA9D /* LookPassWordViewController.m */,
				FB3995DC18F04141001EFA9D /* LookPassWordViewController.xib */,
				FB3995DF18F0512C001EFA9D /* PhoneLookPassWordViewController.h */,
				FB3995E018F0512C001EFA9D /* PhoneLookPassWordViewController.m */,
				FB3995E118F0512C001EFA9D /* PhoneLookPassWordViewController.xib */,
				FB3995E418F05217001EFA9D /* EmailLookPassWordViewController.h */,
				FB3995E518F05217001EFA9D /* EmailLookPassWordViewController.m */,
				FB3995E618F05217001EFA9D /* EmailLookPassWordViewController.xib */,
				FB2FF7DA18F11F9800DFA3C1 /* ResetPassWordViewController.h */,
				FB2FF7DB18F11F9800DFA3C1 /* ResetPassWordViewController.m */,
				FB2FF7DC18F11F9800DFA3C1 /* ResetPassWordViewController.xib */,
				FB91CB5E18EBE63B00DF91E3 /* RegisterViewController.h */,
				FB91CB5F18EBE63B00DF91E3 /* RegisterViewController.m */,
				FB91CB6018EBE63B00DF91E3 /* RegisterViewController.xib */,
				FB3995D518F02D5B001EFA9D /* SetIspaceViewController.h */,
				FB3995D618F02D5B001EFA9D /* SetIspaceViewController.m */,
				FB3995D718F02D5B001EFA9D /* SetIspaceViewController.xib */,
			);
			path = LoginView;
			sourceTree = "<group>";
		};
		FB91CB3018EBA7DE00DF91E3 /* Ring */ = {
			isa = PBXGroup;
			children = (
				FB91CB3118EBA7DE00DF91E3 /* RingViewController.h */,
				FB91CB3218EBA7DE00DF91E3 /* RingViewController.m */,
				FB91CB3318EBA7DE00DF91E3 /* RingViewController.xib */,
			);
			path = Ring;
			sourceTree = "<group>";
		};
		FB91CB3418EBA7DE00DF91E3 /* Setting */ = {
			isa = PBXGroup;
			children = (
				FB91CB3518EBA7DE00DF91E3 /* SettingViewController.h */,
				FB91CB3618EBA7DE00DF91E3 /* SettingViewController.m */,
				FB91CB3718EBA7DE00DF91E3 /* SettingViewController.xib */,
				FB2FF7FA18F1AD2200DFA3C1 /* About */,
				FB2FF7F918F1AD0400DFA3C1 /* Help */,
				FB2FF7F818F1ACDB00DFA3C1 /* Account */,
			);
			path = Setting;
			sourceTree = "<group>";
		};
		FB91CB3818EBA7DE00DF91E3 /* ThemeManager */ = {
			isa = PBXGroup;
			children = (
				FB3995D218F008BC001EFA9D /* Clock.h */,
				FB3995D318F008BC001EFA9D /* Clock.m */,
			);
			path = ThemeManager;
			sourceTree = "<group>";
		};
		FB91CB3B18EBA7DE00DF91E3 /* ThirdSource */ = {
			isa = PBXGroup;
			children = (
				FB91CB3C18EBA7DE00DF91E3 /* UIViewExt.h */,
				FB91CB3D18EBA7DE00DF91E3 /* UIViewExt.m */,
			);
			path = ThirdSource;
			sourceTree = "<group>";
		};
		FB91CB5118EBD5EB00DF91E3 /* Images */ = {
			isa = PBXGroup;
			children = (
				FB5236FD18EEB0D900ACDE50 /* bt_friends_normal.png */,
				FB5236FE18EEB0D900ACDE50 /* bt_friends_pressed.png */,
				FB5236FF18EEB0D900ACDE50 /* bt_home_normal.png */,
				FB52370018EEB0D900ACDE50 /* bt_home_pressed.png */,
				FB52370118EEB0D900ACDE50 /* bt_ring_normal.png */,
				FB52370218EEB0D900ACDE50 /* bt_ring_pressed.png */,
				FB52370318EEB0D900ACDE50 /* bt_setting_normal.png */,
				FB52370418EEB0D900ACDE50 /* bt_setting_pressed.png */,
				FB845B8E18ED4E5600B1BB3C /* bt_back.png */,
				FB91CB5218EBD5EB00DF91E3 /* bt_checkbox_normal.png */,
				FB91CB5318EBD5EB00DF91E3 /* bt_checkbox_selected.png */,
				FB91CB5418EBD5EB00DF91E3 /* ic_default_avatar.png */,
				FB91CB5518EBD5EB00DF91E3 /* ic_lock.png */,
				FB91CB5718EBD5EB00DF91E3 /* ic_user.png */,
				FB91CB5618EBD5EB00DF91E3 /* ic_test_head.png */,
			);
			path = Images;
			sourceTree = "<group>";
		};
		FB9F578418EA561500BF120D = {
			isa = PBXGroup;
			children = (
				FB9F579618EA561600BF120D /* BedsideTreasure */,
				FB9F57AF18EA561600BF120D /* BedsideTreasureTests */,
				FB9F578F18EA561500BF120D /* Frameworks */,
				FB9F578E18EA561500BF120D /* Products */,
			);
			sourceTree = "<group>";
		};
		FB9F578E18EA561500BF120D /* Products */ = {
			isa = PBXGroup;
			children = (
				FB9F578D18EA561500BF120D /* BedsideTreasure.app */,
				FB9F57A818EA561600BF120D /* BedsideTreasureTests.xctest */,
			);
			name = Products;
			sourceTree = "<group>";
		};
		FB9F578F18EA561500BF120D /* Frameworks */ = {
			isa = PBXGroup;
			children = (
				FB91CB4D18EBAA8000DF91E3 /* QuartzCore.framework */,
				FB9F579018EA561500BF120D /* Foundation.framework */,
				FB9F579218EA561500BF120D /* CoreGraphics.framework */,
				FB9F579418EA561500BF120D /* UIKit.framework */,
				FB9F57A918EA561600BF120D /* XCTest.framework */,
			);
			name = Frameworks;
			sourceTree = "<group>";
		};
		FB9F579618EA561600BF120D /* BedsideTreasure */ = {
			isa = PBXGroup;
			children = (
				FB91CB5118EBD5EB00DF91E3 /* Images */,
				FB91CB2C18EBA7DE00DF91E3 /* LoginView */,
				FB91CB2418EBA7DE00DF91E3 /* Friends */,
				FB91CB2818EBA7DE00DF91E3 /* Home */,
				FB91CB3018EBA7DE00DF91E3 /* Ring */,
				FB91CB3418EBA7DE00DF91E3 /* Setting */,
				FB91CB3818EBA7DE00DF91E3 /* ThemeManager */,
				FB91CB3B18EBA7DE00DF91E3 /* ThirdSource */,
				FB91CB1618EBA77500DF91E3 /* BaseClass */,
				FB9F579F18EA561600BF120D /* AppDelegate.h */,
				FB9F57A018EA561600BF120D /* AppDelegate.m */,
				FB91CB4A18EBA7FE00DF91E3 /* TabBarViewController.h */,
				FB91CB4B18EBA7FE00DF91E3 /* TabBarViewController.m */,
				FB9F57A218EA561600BF120D /* Images.xcassets */,
				FB9F579718EA561600BF120D /* Supporting Files */,
			);
			path = BedsideTreasure;
			sourceTree = "<group>";
		};
		FB9F579718EA561600BF120D /* Supporting Files */ = {
			isa = PBXGroup;
			children = (
				FB9F579818EA561600BF120D /* BedsideTreasure-Info.plist */,
				FB9F579918EA561600BF120D /* InfoPlist.strings */,
				FB9F579C18EA561600BF120D /* main.m */,
				FB9F579E18EA561600BF120D /* BedsideTreasure-Prefix.pch */,
			);
			name = "Supporting Files";
			sourceTree = "<group>";
		};
		FB9F57AF18EA561600BF120D /* BedsideTreasureTests */ = {
			isa = PBXGroup;
			children = (
				FB9F57B518EA561600BF120D /* BedsideTreasureTests.m */,
				FB9F57B018EA561600BF120D /* Supporting Files */,
			);
			path = BedsideTreasureTests;
			sourceTree = "<group>";
		};
		FB9F57B018EA561600BF120D /* Supporting Files */ = {
			isa = PBXGroup;
			children = (
				FB9F57B118EA561600BF120D /* BedsideTreasureTests-Info.plist */,
				FB9F57B218EA561600BF120D /* InfoPlist.strings */,
			);
			name = "Supporting Files";
			sourceTree = "<group>";
		};
/* End PBXGroup section */

/* Begin PBXNativeTarget section */
		FB9F578C18EA561500BF120D /* BedsideTreasure */ = {
			isa = PBXNativeTarget;
			buildConfigurationList = FB9F57B918EA561600BF120D /* Build configuration list for PBXNativeTarget "BedsideTreasure" */;
			buildPhases = (
				FB9F578918EA561500BF120D /* Sources */,
				FB9F578A18EA561500BF120D /* Frameworks */,
				FB9F578B18EA561500BF120D /* Resources */,
			);
			buildRules = (
			);
			dependencies = (
			);
			name = BedsideTreasure;
			productName = BedsideTreasure;
			productReference = FB9F578D18EA561500BF120D /* BedsideTreasure.app */;
			productType = "com.apple.product-type.application";
		};
		FB9F57A718EA561600BF120D /* BedsideTreasureTests */ = {
			isa = PBXNativeTarget;
			buildConfigurationList = FB9F57BC18EA561600BF120D /* Build configuration list for PBXNativeTarget "BedsideTreasureTests" */;
			buildPhases = (
				FB9F57A418EA561600BF120D /* Sources */,
				FB9F57A518EA561600BF120D /* Frameworks */,
				FB9F57A618EA561600BF120D /* Resources */,
			);
			buildRules = (
			);
			dependencies = (
				FB9F57AE18EA561600BF120D /* PBXTargetDependency */,
			);
			name = BedsideTreasureTests;
			productName = BedsideTreasureTests;
			productReference = FB9F57A818EA561600BF120D /* BedsideTreasureTests.xctest */;
			productType = "com.apple.product-type.bundle.unit-test";
		};
/* End PBXNativeTarget section */

/* Begin PBXProject section */
		FB9F578518EA561500BF120D /* Project object */ = {
			isa = PBXProject;
			attributes = {
				LastUpgradeCheck = 0510;
				ORGANIZATIONNAME = "莫景涛";
				TargetAttributes = {
					FB9F57A718EA561600BF120D = {
						TestTargetID = FB9F578C18EA561500BF120D;
					};
				};
			};
			buildConfigurationList = FB9F578818EA561500BF120D /* Build configuration list for PBXProject "BedsideTreasure" */;
			compatibilityVersion = "Xcode 3.2";
			developmentRegion = English;
			hasScannedForEncodings = 0;
			knownRegions = (
				en,
			);
			mainGroup = FB9F578418EA561500BF120D;
			productRefGroup = FB9F578E18EA561500BF120D /* Products */;
			projectDirPath = "";
			projectRoot = "";
			targets = (
				FB9F578C18EA561500BF120D /* BedsideTreasure */,
				FB9F57A718EA561600BF120D /* BedsideTreasureTests */,
			);
		};
/* End PBXProject section */

/* Begin PBXResourcesBuildPhase section */
		FB9F578B18EA561500BF120D /* Resources */ = {
			isa = PBXResourcesBuildPhase;
			buildActionMask = 2147483647;
			files = (
				FB3995DE18F04141001EFA9D /* LookPassWordViewController.xib in Resources */,
				FB52370C18EEB0D900ACDE50 /* bt_setting_pressed.png in Resources */,
				FB52370518EEB0D900ACDE50 /* bt_friends_normal.png in Resources */,
				FB52371C18EEBF8C00ACDE50 /* SetColckViewController.xib in Resources */,
				FB2FF7E318F18F1300DFA3C1 /* AccountViewController.xib in Resources */,
				FB2FF7DE18F11F9800DFA3C1 /* ResetPassWordViewController.xib in Resources */,
				FB91CB5A18EBD5EB00DF91E3 /* ic_default_avatar.png in Resources */,
				FB91CB5D18EBD5EB00DF91E3 /* ic_user.png in Resources */,
				FB91CB5918EBD5EB00DF91E3 /* bt_checkbox_selected.png in Resources */,
				FB91CB5B18EBD5EB00DF91E3 /* ic_lock.png in Resources */,
				FB91CB4718EBA7DE00DF91E3 /* SettingViewController.xib in Resources */,
				FB3995E318F0512C001EFA9D /* PhoneLookPassWordViewController.xib in Resources */,
				FB91CB4318EBA7DE00DF91E3 /* LoginViewController.xib in Resources */,
				FB9F579B18EA561600BF120D /* InfoPlist.strings in Resources */,
				FB2FF7F718F1ABA000DFA3C1 /* AboutViewController.xib in Resources */,
				FB9F57A318EA561600BF120D /* Images.xcassets in Resources */,
				FB2FF7ED18F1A8D200DFA3C1 /* HelpViewController.xib in Resources */,
				FB91CB5C18EBD5EB00DF91E3 /* ic_test_head.png in Resources */,
				FB2FF7E818F1918000DFA3C1 /* AccountTableViewCell.xib in Resources */,
				FB91CB6218EBE63B00DF91E3 /* RegisterViewController.xib in Resources */,
				FB3995E818F05217001EFA9D /* EmailLookPassWordViewController.xib in Resources */,
				FB52370818EEB0D900ACDE50 /* bt_home_pressed.png in Resources */,
				FB52370718EEB0D900ACDE50 /* bt_home_normal.png in Resources */,
				FB91CB3F18EBA7DE00DF91E3 /* FriendsViewController.xib in Resources */,
				FB91CB5818EBD5EB00DF91E3 /* bt_checkbox_normal.png in Resources */,
				FB91CB4518EBA7DE00DF91E3 /* RingViewController.xib in Resources */,
				FB91CB4118EBA7DE00DF91E3 /* HomeViewController.xib in Resources */,
				FB52370B18EEB0D900ACDE50 /* bt_setting_normal.png in Resources */,
				FB3995D918F02D5B001EFA9D /* SetIspaceViewController.xib in Resources */,
				FB2FF7F218F1AB4A00DFA3C1 /* FeedbackViewController.xib in Resources */,
				FB52370A18EEB0D900ACDE50 /* bt_ring_pressed.png in Resources */,
				FB52370618EEB0D900ACDE50 /* bt_friends_pressed.png in Resources */,
				FB52370918EEB0D900ACDE50 /* bt_ring_normal.png in Resources */,
				FB845B8F18ED4E5600B1BB3C /* bt_back.png in Resources */,
			);
			runOnlyForDeploymentPostprocessing = 0;
		};
		FB9F57A618EA561600BF120D /* Resources */ = {
			isa = PBXResourcesBuildPhase;
			buildActionMask = 2147483647;
			files = (
				FB9F57B418EA561600BF120D /* InfoPlist.strings in Resources */,
			);
			runOnlyForDeploymentPostprocessing = 0;
		};
/* End PBXResourcesBuildPhase section */

/* Begin PBXSourcesBuildPhase section */
		FB9F578918EA561500BF120D /* Sources */ = {
			isa = PBXSourcesBuildPhase;
			buildActionMask = 2147483647;
			files = (
				FB91CB4418EBA7DE00DF91E3 /* RingViewController.m in Sources */,
				FB2FF7DD18F11F9800DFA3C1 /* ResetPassWordViewController.m in Sources */,
				FB3995E218F0512C001EFA9D /* PhoneLookPassWordViewController.m in Sources */,
				FB91CB4218EBA7DE00DF91E3 /* LoginViewController.m in Sources */,
				FB91CB4C18EBA7FE00DF91E3 /* TabBarViewController.m in Sources */,
				FB91CB3E18EBA7DE00DF91E3 /* FriendsViewController.m in Sources */,
				FB3995D818F02D5B001EFA9D /* SetIspaceViewController.m in Sources */,
				FB91CB1F18EBA77500DF91E3 /* WXBaseModel.m in Sources */,
				FB91CB4918EBA7DE00DF91E3 /* UIViewExt.m in Sources */,
				FB9F57A118EA561600BF120D /* AppDelegate.m in Sources */,
				FB91CB1E18EBA77500DF91E3 /* BaseViewController.m in Sources */,
				FB2FF7F618F1ABA000DFA3C1 /* AboutViewController.m in Sources */,
				FB3995DD18F04141001EFA9D /* LookPassWordViewController.m in Sources */,
				FB3995E718F05217001EFA9D /* EmailLookPassWordViewController.m in Sources */,
				FB52371B18EEBF8C00ACDE50 /* SetColckViewController.m in Sources */,
				FB3995D418F008BC001EFA9D /* Clock.m in Sources */,
				FB9F579D18EA561600BF120D /* main.m in Sources */,
				FB2FF7E218F18F1300DFA3C1 /* AccountViewController.m in Sources */,
				FB2FF7E718F1918000DFA3C1 /* AccountTableViewCell.m in Sources */,
				FB91CB4018EBA7DE00DF91E3 /* HomeViewController.m in Sources */,
				FB91CB6118EBE63B00DF91E3 /* RegisterViewController.m in Sources */,
				FB91CB1D18EBA77500DF91E3 /* BaseNavViewController.m in Sources */,
				FB2FF7EC18F1A8D200DFA3C1 /* HelpViewController.m in Sources */,
				FB91CB4618EBA7DE00DF91E3 /* SettingViewController.m in Sources */,
				FB2FF7F118F1AB4A00DFA3C1 /* FeedbackViewController.m in Sources */,
			);
			runOnlyForDeploymentPostprocessing = 0;
		};
		FB9F57A418EA561600BF120D /* Sources */ = {
			isa = PBXSourcesBuildPhase;
			buildActionMask = 2147483647;
			files = (
				FB9F57B618EA561600BF120D /* BedsideTreasureTests.m in Sources */,
			);
			runOnlyForDeploymentPostprocessing = 0;
		};
/* End PBXSourcesBuildPhase section */

/* Begin PBXTargetDependency section */
		FB9F57AE18EA561600BF120D /* PBXTargetDependency */ = {
			isa = PBXTargetDependency;
			target = FB9F578C18EA561500BF120D /* BedsideTreasure */;
			targetProxy = FB9F57AD18EA561600BF120D /* PBXContainerItemProxy */;
		};
/* End PBXTargetDependency section */

/* Begin PBXVariantGroup section */
		FB9F579918EA561600BF120D /* InfoPlist.strings */ = {
			isa = PBXVariantGroup;
			children = (
				FB9F579A18EA561600BF120D /* en */,
			);
			name = InfoPlist.strings;
			sourceTree = "<group>";
		};
		FB9F57B218EA561600BF120D /* InfoPlist.strings */ = {
			isa = PBXVariantGroup;
			children = (
				FB9F57B318EA561600BF120D /* en */,
			);
			name = InfoPlist.strings;
			sourceTree = "<group>";
		};
/* End PBXVariantGroup section */

/* Begin XCBuildConfiguration section */
		FB9F57B718EA561600BF120D /* Debug */ = {
			isa = XCBuildConfiguration;
			buildSettings = {
				ALWAYS_SEARCH_USER_PATHS = NO;
				CLANG_CXX_LANGUAGE_STANDARD = "gnu++0x";
				CLANG_CXX_LIBRARY = "libc++";
				CLANG_ENABLE_MODULES = YES;
				CLANG_ENABLE_OBJC_ARC = YES;
				CLANG_WARN_BOOL_CONVERSION = YES;
				CLANG_WARN_CONSTANT_CONVERSION = YES;
				CLANG_WARN_DIRECT_OBJC_ISA_USAGE = YES_ERROR;
				CLANG_WARN_EMPTY_BODY = YES;
				CLANG_WARN_ENUM_CONVERSION = YES;
				CLANG_WARN_INT_CONVERSION = YES;
				CLANG_WARN_OBJC_ROOT_CLASS = YES_ERROR;
				CLANG_WARN__DUPLICATE_METHOD_MATCH = YES;
				"CODE_SIGN_IDENTITY[sdk=iphoneos*]" = "iPhone Developer";
				COPY_PHASE_STRIP = NO;
				GCC_C_LANGUAGE_STANDARD = gnu99;
				GCC_DYNAMIC_NO_PIC = NO;
				GCC_OPTIMIZATION_LEVEL = 0;
				GCC_PREPROCESSOR_DEFINITIONS = (
					"DEBUG=1",
					"$(inherited)",
				);
				GCC_SYMBOLS_PRIVATE_EXTERN = NO;
				GCC_WARN_64_TO_32_BIT_CONVERSION = YES;
				GCC_WARN_ABOUT_RETURN_TYPE = YES_ERROR;
				GCC_WARN_UNDECLARED_SELECTOR = YES;
				GCC_WARN_UNINITIALIZED_AUTOS = YES_AGGRESSIVE;
				GCC_WARN_UNUSED_FUNCTION = YES;
				GCC_WARN_UNUSED_VARIABLE = YES;
				IPHONEOS_DEPLOYMENT_TARGET = 6.0;
				ONLY_ACTIVE_ARCH = YES;
				SDKROOT = iphoneos;
			};
			name = Debug;
		};
		FB9F57B818EA561600BF120D /* Release */ = {
			isa = XCBuildConfiguration;
			buildSettings = {
				ALWAYS_SEARCH_USER_PATHS = NO;
				CLANG_CXX_LANGUAGE_STANDARD = "gnu++0x";
				CLANG_CXX_LIBRARY = "libc++";
				CLANG_ENABLE_MODULES = YES;
				CLANG_ENABLE_OBJC_ARC = YES;
				CLANG_WARN_BOOL_CONVERSION = YES;
				CLANG_WARN_CONSTANT_CONVERSION = YES;
				CLANG_WARN_DIRECT_OBJC_ISA_USAGE = YES_ERROR;
				CLANG_WARN_EMPTY_BODY = YES;
				CLANG_WARN_ENUM_CONVERSION = YES;
				CLANG_WARN_INT_CONVERSION = YES;
				CLANG_WARN_OBJC_ROOT_CLASS = YES_ERROR;
				CLANG_WARN__DUPLICATE_METHOD_MATCH = YES;
				"CODE_SIGN_IDENTITY[sdk=iphoneos*]" = "iPhone Developer";
				COPY_PHASE_STRIP = YES;
				ENABLE_NS_ASSERTIONS = NO;
				GCC_C_LANGUAGE_STANDARD = gnu99;
				GCC_WARN_64_TO_32_BIT_CONVERSION = YES;
				GCC_WARN_ABOUT_RETURN_TYPE = YES_ERROR;
				GCC_WARN_UNDECLARED_SELECTOR = YES;
				GCC_WARN_UNINITIALIZED_AUTOS = YES_AGGRESSIVE;
				GCC_WARN_UNUSED_FUNCTION = YES;
				GCC_WARN_UNUSED_VARIABLE = YES;
				IPHONEOS_DEPLOYMENT_TARGET = 6.0;
				SDKROOT = iphoneos;
				VALIDATE_PRODUCT = YES;
			};
			name = Release;
		};
		FB9F57BA18EA561600BF120D /* Debug */ = {
			isa = XCBuildConfiguration;
			buildSettings = {
				ASSETCATALOG_COMPILER_APPICON_NAME = AppIcon;
				ASSETCATALOG_COMPILER_LAUNCHIMAGE_NAME = LaunchImage;
				GCC_PRECOMPILE_PREFIX_HEADER = YES;
				GCC_PREFIX_HEADER = "BedsideTreasure/BedsideTreasure-Prefix.pch";
				INFOPLIST_FILE = "BedsideTreasure/BedsideTreasure-Info.plist";
				PRODUCT_NAME = "$(TARGET_NAME)";
				WRAPPER_EXTENSION = app;
			};
			name = Debug;
		};
		FB9F57BB18EA561600BF120D /* Release */ = {
			isa = XCBuildConfiguration;
			buildSettings = {
				ASSETCATALOG_COMPILER_APPICON_NAME = AppIcon;
				ASSETCATALOG_COMPILER_LAUNCHIMAGE_NAME = LaunchImage;
				GCC_PRECOMPILE_PREFIX_HEADER = YES;
				GCC_PREFIX_HEADER = "BedsideTreasure/BedsideTreasure-Prefix.pch";
				INFOPLIST_FILE = "BedsideTreasure/BedsideTreasure-Info.plist";
				PRODUCT_NAME = "$(TARGET_NAME)";
				WRAPPER_EXTENSION = app;
			};
			name = Release;
		};
		FB9F57BD18EA561600BF120D /* Debug */ = {
			isa = XCBuildConfiguration;
			buildSettings = {
				BUNDLE_LOADER = "$(BUILT_PRODUCTS_DIR)/BedsideTreasure.app/BedsideTreasure";
				FRAMEWORK_SEARCH_PATHS = (
					"$(SDKROOT)/Developer/Library/Frameworks",
					"$(inherited)",
					"$(DEVELOPER_FRAMEWORKS_DIR)",
				);
				GCC_PRECOMPILE_PREFIX_HEADER = YES;
				GCC_PREFIX_HEADER = "BedsideTreasure/BedsideTreasure-Prefix.pch";
				GCC_PREPROCESSOR_DEFINITIONS = (
					"DEBUG=1",
					"$(inherited)",
				);
				INFOPLIST_FILE = "BedsideTreasureTests/BedsideTreasureTests-Info.plist";
				PRODUCT_NAME = "$(TARGET_NAME)";
				TEST_HOST = "$(BUNDLE_LOADER)";
				WRAPPER_EXTENSION = xctest;
			};
			name = Debug;
		};
		FB9F57BE18EA561600BF120D /* Release */ = {
			isa = XCBuildConfiguration;
			buildSettings = {
				BUNDLE_LOADER = "$(BUILT_PRODUCTS_DIR)/BedsideTreasure.app/BedsideTreasure";
				FRAMEWORK_SEARCH_PATHS = (
					"$(SDKROOT)/Developer/Library/Frameworks",
					"$(inherited)",
					"$(DEVELOPER_FRAMEWORKS_DIR)",
				);
				GCC_PRECOMPILE_PREFIX_HEADER = YES;
				GCC_PREFIX_HEADER = "BedsideTreasure/BedsideTreasure-Prefix.pch";
				INFOPLIST_FILE = "BedsideTreasureTests/BedsideTreasureTests-Info.plist";
				PRODUCT_NAME = "$(TARGET_NAME)";
				TEST_HOST = "$(BUNDLE_LOADER)";
				WRAPPER_EXTENSION = xctest;
			};
			name = Release;
		};
/* End XCBuildConfiguration section */

/* Begin XCConfigurationList section */
		FB9F578818EA561500BF120D /* Build configuration list for PBXProject "BedsideTreasure" */ = {
			isa = XCConfigurationList;
			buildConfigurations = (
				FB9F57B718EA561600BF120D /* Debug */,
				FB9F57B818EA561600BF120D /* Release */,
			);
			defaultConfigurationIsVisible = 0;
			defaultConfigurationName = Release;
		};
		FB9F57B918EA561600BF120D /* Build configuration list for PBXNativeTarget "BedsideTreasure" */ = {
			isa = XCConfigurationList;
			buildConfigurations = (
				FB9F57BA18EA561600BF120D /* Debug */,
				FB9F57BB18EA561600BF120D /* Release */,
			);
			defaultConfigurationIsVisible = 0;
			defaultConfigurationName = Release;
		};
		FB9F57BC18EA561600BF120D /* Build configuration list for PBXNativeTarget "BedsideTreasureTests" */ = {
			isa = XCConfigurationList;
			buildConfigurations = (
				FB9F57BD18EA561600BF120D /* Debug */,
				FB9F57BE18EA561600BF120D /* Release */,
			);
			defaultConfigurationIsVisible = 0;
			defaultConfigurationName = Release;
		};
/* End XCConfigurationList section */
	};
	rootObject = FB9F578518EA561500BF120D /* Project object */;
}
